// !$*UTF8*$!
{
	archiveVersion = 1;
	classes = {
	};
	objectVersion = 55;
	objects = {

/* Begin PBXBuildFile section */
		392B03272881CE4600154A68 /* SettingsView.swift in Sources */ = {isa = PBXBuildFile; fileRef = 392B03262881CE4600154A68 /* SettingsView.swift */; };
		392B03292881D06200154A68 /* NavgationButtons.swift in Sources */ = {isa = PBXBuildFile; fileRef = 392B03282881D06200154A68 /* NavgationButtons.swift */; };
		392B032E2881D0E200154A68 /* RecordsView.swift in Sources */ = {isa = PBXBuildFile; fileRef = 392B032D2881D0E200154A68 /* RecordsView.swift */; };
		39CD302128818342002F78F8 /* LineGraph.swift in Sources */ = {isa = PBXBuildFile; fileRef = 39CD302028818342002F78F8 /* LineGraph.swift */; };
		39E4421B2879B87000DB08C1 /* gpsStatisticsApp.swift in Sources */ = {isa = PBXBuildFile; fileRef = 39E4421A2879B87000DB08C1 /* gpsStatisticsApp.swift */; };
		39E4421D2879B87000DB08C1 /* HomeView.swift in Sources */ = {isa = PBXBuildFile; fileRef = 39E4421C2879B87000DB08C1 /* HomeView.swift */; };
		39E4421F2879B87200DB08C1 /* Assets.xcassets in Resources */ = {isa = PBXBuildFile; fileRef = 39E4421E2879B87200DB08C1 /* Assets.xcassets */; };
		39E442222879B87200DB08C1 /* Preview Assets.xcassets in Resources */ = {isa = PBXBuildFile; fileRef = 39E442212879B87200DB08C1 /* Preview Assets.xcassets */; };
		39E6E117287C54240025ADAF /* Speedometer.swift in Sources */ = {isa = PBXBuildFile; fileRef = 39E6E116287C54240025ADAF /* Speedometer.swift */; };
		39E6E119287C54510025ADAF /* HomeGraph.swift in Sources */ = {isa = PBXBuildFile; fileRef = 39E6E118287C54510025ADAF /* HomeGraph.swift */; };
		39E6E11B287C57C10025ADAF /* SpeedTable.swift in Sources */ = {isa = PBXBuildFile; fileRef = 39E6E11A287C57C10025ADAF /* SpeedTable.swift */; };
		39E6E11E287C580E0025ADAF /* Measurement.swift in Sources */ = {isa = PBXBuildFile; fileRef = 39E6E11D287C580E0025ADAF /* Measurement.swift */; };
		39E6E120287C5A550025ADAF /* ApplicationStatus.swift in Sources */ = {isa = PBXBuildFile; fileRef = 39E6E11F287C5A550025ADAF /* ApplicationStatus.swift */; };
		39E6E125287C6A890025ADAF /* gpsController.swift in Sources */ = {isa = PBXBuildFile; fileRef = 39E6E124287C6A890025ADAF /* gpsController.swift */; };
		722817F8287F42A80026CCF4 /* SpeedRun.swift in Sources */ = {isa = PBXBuildFile; fileRef = 722817F7287F42A80026CCF4 /* SpeedRun.swift */; };
/* End PBXBuildFile section */

/* Begin PBXFileReference section */
		392B03262881CE4600154A68 /* SettingsView.swift */ = {isa = PBXFileReference; lastKnownFileType = sourcecode.swift; path = SettingsView.swift; sourceTree = "<group>"; };
		392B03282881D06200154A68 /* NavgationButtons.swift */ = {isa = PBXFileReference; lastKnownFileType = sourcecode.swift; path = NavgationButtons.swift; sourceTree = "<group>"; };
		392B032D2881D0E200154A68 /* RecordsView.swift */ = {isa = PBXFileReference; lastKnownFileType = sourcecode.swift; path = RecordsView.swift; sourceTree = "<group>"; };
		392B032F2881D47E00154A68 /* Nurburgring.gpx */ = {isa = PBXFileReference; lastKnownFileType = text; path = Nurburgring.gpx; sourceTree = "<group>"; };
		39CD302028818342002F78F8 /* LineGraph.swift */ = {isa = PBXFileReference; lastKnownFileType = sourcecode.swift; path = LineGraph.swift; sourceTree = "<group>"; };
		39E442172879B87000DB08C1 /* gpsStatistics.app */ = {isa = PBXFileReference; explicitFileType = wrapper.application; includeInIndex = 0; path = gpsStatistics.app; sourceTree = BUILT_PRODUCTS_DIR; };
		39E4421A2879B87000DB08C1 /* gpsStatisticsApp.swift */ = {isa = PBXFileReference; lastKnownFileType = sourcecode.swift; path = gpsStatisticsApp.swift; sourceTree = "<group>"; };
		39E4421C2879B87000DB08C1 /* HomeView.swift */ = {isa = PBXFileReference; lastKnownFileType = sourcecode.swift; path = HomeView.swift; sourceTree = "<group>"; };
		39E4421E2879B87200DB08C1 /* Assets.xcassets */ = {isa = PBXFileReference; lastKnownFileType = folder.assetcatalog; path = Assets.xcassets; sourceTree = "<group>"; };
		39E442212879B87200DB08C1 /* Preview Assets.xcassets */ = {isa = PBXFileReference; lastKnownFileType = folder.assetcatalog; path = "Preview Assets.xcassets"; sourceTree = "<group>"; };
		39E6E116287C54240025ADAF /* Speedometer.swift */ = {isa = PBXFileReference; lastKnownFileType = sourcecode.swift; path = Speedometer.swift; sourceTree = "<group>"; };
		39E6E118287C54510025ADAF /* HomeGraph.swift */ = {isa = PBXFileReference; lastKnownFileType = sourcecode.swift; path = HomeGraph.swift; sourceTree = "<group>"; };
		39E6E11A287C57C10025ADAF /* SpeedTable.swift */ = {isa = PBXFileReference; lastKnownFileType = sourcecode.swift; path = SpeedTable.swift; sourceTree = "<group>"; };
		39E6E11D287C580E0025ADAF /* Measurement.swift */ = {isa = PBXFileReference; lastKnownFileType = sourcecode.swift; path = Measurement.swift; sourceTree = "<group>"; };
		39E6E11F287C5A550025ADAF /* ApplicationStatus.swift */ = {isa = PBXFileReference; lastKnownFileType = sourcecode.swift; path = ApplicationStatus.swift; sourceTree = "<group>"; };
		39E6E124287C6A890025ADAF /* gpsController.swift */ = {isa = PBXFileReference; lastKnownFileType = sourcecode.swift; path = gpsController.swift; sourceTree = "<group>"; };
		722817F7287F42A80026CCF4 /* SpeedRun.swift */ = {isa = PBXFileReference; lastKnownFileType = sourcecode.swift; path = SpeedRun.swift; sourceTree = "<group>"; };
/* End PBXFileReference section */

/* Begin PBXFrameworksBuildPhase section */
		39E442142879B87000DB08C1 /* Frameworks */ = {
			isa = PBXFrameworksBuildPhase;
			buildActionMask = 2147483647;
			files = (
			);
			runOnlyForDeploymentPostprocessing = 0;
		};
/* End PBXFrameworksBuildPhase section */

/* Begin PBXGroup section */
		39CD301B2881826E002F78F8 /* Graphing */ = {
			isa = PBXGroup;
			children = (
				39CD302028818342002F78F8 /* LineGraph.swift */,
			);
			path = Graphing;
			sourceTree = "<group>";
		};
		39E4420E2879B87000DB08C1 = {
			isa = PBXGroup;
			children = (
				392B032F2881D47E00154A68 /* Nurburgring.gpx */,
				39E442192879B87000DB08C1 /* gpsStatistics */,
				39E442182879B87000DB08C1 /* Products */,
			);
			sourceTree = "<group>";
		};
		39E442182879B87000DB08C1 /* Products */ = {
			isa = PBXGroup;
			children = (
				39E442172879B87000DB08C1 /* gpsStatistics.app */,
			);
			name = Products;
			sourceTree = "<group>";
		};
		39E442192879B87000DB08C1 /* gpsStatistics */ = {
			isa = PBXGroup;
			children = (
				722817F6287F42940026CCF4 /* Model */,
				39E6E121287C69E10025ADAF /* Control */,
				39E6E114287C53920025ADAF /* Views */,
				39E4421A2879B87000DB08C1 /* gpsStatisticsApp.swift */,
				39E4421E2879B87200DB08C1 /* Assets.xcassets */,
				39E442202879B87200DB08C1 /* Preview Content */,
			);
			path = gpsStatistics;
			sourceTree = "<group>";
		};
		39E442202879B87200DB08C1 /* Preview Content */ = {
			isa = PBXGroup;
			children = (
				39E442212879B87200DB08C1 /* Preview Assets.xcassets */,
			);
			path = "Preview Content";
			sourceTree = "<group>";
		};
		39E6E114287C53920025ADAF /* Views */ = {
			isa = PBXGroup;
			children = (
				39E6E115287C53FB0025ADAF /* Widgets */,
				39E4421C2879B87000DB08C1 /* HomeView.swift */,
				392B03262881CE4600154A68 /* SettingsView.swift */,
				392B032D2881D0E200154A68 /* RecordsView.swift */,
			);
			path = Views;
			sourceTree = "<group>";
		};
		39E6E115287C53FB0025ADAF /* Widgets */ = {
			isa = PBXGroup;
			children = (
				39CD301B2881826E002F78F8 /* Graphing */,
				39E6E11C287C57ED0025ADAF /* SpeedTable */,
				39E6E116287C54240025ADAF /* Speedometer.swift */,
				39E6E118287C54510025ADAF /* HomeGraph.swift */,
				39E6E11F287C5A550025ADAF /* ApplicationStatus.swift */,
				392B03282881D06200154A68 /* NavgationButtons.swift */,
			);
			path = Widgets;
			sourceTree = "<group>";
		};
		39E6E11C287C57ED0025ADAF /* SpeedTable */ = {
			isa = PBXGroup;
			children = (
				39E6E11A287C57C10025ADAF /* SpeedTable.swift */,
				39E6E11D287C580E0025ADAF /* Measurement.swift */,
			);
			path = SpeedTable;
			sourceTree = "<group>";
		};
		39E6E121287C69E10025ADAF /* Control */ = {
			isa = PBXGroup;
			children = (
				39E6E124287C6A890025ADAF /* gpsController.swift */,
			);
			path = Control;
			sourceTree = "<group>";
		};
		722817F6287F42940026CCF4 /* Model */ = {
			isa = PBXGroup;
			children = (
				722817F7287F42A80026CCF4 /* SpeedRun.swift */,
			);
			path = Model;
			sourceTree = "<group>";
		};
/* End PBXGroup section */

/* Begin PBXNativeTarget section */
		39E442162879B87000DB08C1 /* gpsStatistics */ = {
			isa = PBXNativeTarget;
			buildConfigurationList = 39E442252879B87200DB08C1 /* Build configuration list for PBXNativeTarget "gpsStatistics" */;
			buildPhases = (
				39E442132879B87000DB08C1 /* Sources */,
				39E442142879B87000DB08C1 /* Frameworks */,
				39E442152879B87000DB08C1 /* Resources */,
			);
			buildRules = (
			);
			dependencies = (
			);
			name = gpsStatistics;
			packageProductDependencies = (
			);
			productName = gpsStatistics;
			productReference = 39E442172879B87000DB08C1 /* gpsStatistics.app */;
			productType = "com.apple.product-type.application";
		};
/* End PBXNativeTarget section */

/* Begin PBXProject section */
		39E4420F2879B87000DB08C1 /* Project object */ = {
			isa = PBXProject;
			attributes = {
				BuildIndependentTargetsInParallel = 1;
				LastSwiftUpdateCheck = 1340;
				LastUpgradeCheck = 1340;
				TargetAttributes = {
					39E442162879B87000DB08C1 = {
						CreatedOnToolsVersion = 13.4.1;
					};
				};
			};
			buildConfigurationList = 39E442122879B87000DB08C1 /* Build configuration list for PBXProject "gpsStatistics" */;
			compatibilityVersion = "Xcode 13.0";
			developmentRegion = en;
			hasScannedForEncodings = 0;
			knownRegions = (
				en,
				Base,
			);
			mainGroup = 39E4420E2879B87000DB08C1;
			packageReferences = (
			);
			productRefGroup = 39E442182879B87000DB08C1 /* Products */;
			projectDirPath = "";
			projectRoot = "";
			targets = (
				39E442162879B87000DB08C1 /* gpsStatistics */,
			);
		};
/* End PBXProject section */

/* Begin PBXResourcesBuildPhase section */
		39E442152879B87000DB08C1 /* Resources */ = {
			isa = PBXResourcesBuildPhase;
			buildActionMask = 2147483647;
			files = (
				39E442222879B87200DB08C1 /* Preview Assets.xcassets in Resources */,
				39E4421F2879B87200DB08C1 /* Assets.xcassets in Resources */,
			);
			runOnlyForDeploymentPostprocessing = 0;
		};
/* End PBXResourcesBuildPhase section */

/* Begin PBXSourcesBuildPhase section */
		39E442132879B87000DB08C1 /* Sources */ = {
			isa = PBXSourcesBuildPhase;
			buildActionMask = 2147483647;
			files = (
				39E6E11B287C57C10025ADAF /* SpeedTable.swift in Sources */,
				39E6E117287C54240025ADAF /* Speedometer.swift in Sources */,
				39E6E11E287C580E0025ADAF /* Measurement.swift in Sources */,
				39E6E119287C54510025ADAF /* HomeGraph.swift in Sources */,
				39E6E125287C6A890025ADAF /* gpsController.swift in Sources */,
				39E4421D2879B87000DB08C1 /* HomeView.swift in Sources */,
				39CD302128818342002F78F8 /* LineGraph.swift in Sources */,
				392B032E2881D0E200154A68 /* RecordsView.swift in Sources */,
				39E4421B2879B87000DB08C1 /* gpsStatisticsApp.swift in Sources */,
				722817F8287F42A80026CCF4 /* SpeedRun.swift in Sources */,
				39E6E120287C5A550025ADAF /* ApplicationStatus.swift in Sources */,
				392B03272881CE4600154A68 /* SettingsView.swift in Sources */,
				392B03292881D06200154A68 /* NavgationButtons.swift in Sources */,
			);
			runOnlyForDeploymentPostprocessing = 0;
		};
/* End PBXSourcesBuildPhase section */

/* Begin XCBuildConfiguration section */
		39E442232879B87200DB08C1 /* Debug */ = {
			isa = XCBuildConfiguration;
			buildSettings = {
				ALWAYS_SEARCH_USER_PATHS = NO;
				CLANG_ANALYZER_NONNULL = YES;
				CLANG_ANALYZER_NUMBER_OBJECT_CONVERSION = YES_AGGRESSIVE;
				CLANG_CXX_LANGUAGE_STANDARD = "gnu++17";
				CLANG_ENABLE_MODULES = YES;
				CLANG_ENABLE_OBJC_ARC = YES;
				CLANG_ENABLE_OBJC_WEAK = YES;
				CLANG_WARN_BLOCK_CAPTURE_AUTORELEASING = YES;
				CLANG_WARN_BOOL_CONVERSION = YES;
				CLANG_WARN_COMMA = YES;
				CLANG_WARN_CONSTANT_CONVERSION = YES;
				CLANG_WARN_DEPRECATED_OBJC_IMPLEMENTATIONS = YES;
				CLANG_WARN_DIRECT_OBJC_ISA_USAGE = YES_ERROR;
				CLANG_WARN_DOCUMENTATION_COMMENTS = YES;
				CLANG_WARN_EMPTY_BODY = YES;
				CLANG_WARN_ENUM_CONVERSION = YES;
				CLANG_WARN_INFINITE_RECURSION = YES;
				CLANG_WARN_INT_CONVERSION = YES;
				CLANG_WARN_NON_LITERAL_NULL_CONVERSION = YES;
				CLANG_WARN_OBJC_IMPLICIT_RETAIN_SELF = YES;
				CLANG_WARN_OBJC_LITERAL_CONVERSION = YES;
				CLANG_WARN_OBJC_ROOT_CLASS = YES_ERROR;
				CLANG_WARN_QUOTED_INCLUDE_IN_FRAMEWORK_HEADER = YES;
				CLANG_WARN_RANGE_LOOP_ANALYSIS = YES;
				CLANG_WARN_STRICT_PROTOTYPES = YES;
				CLANG_WARN_SUSPICIOUS_MOVE = YES;
				CLANG_WARN_UNGUARDED_AVAILABILITY = YES_AGGRESSIVE;
				CLANG_WARN_UNREACHABLE_CODE = YES;
				CLANG_WARN__DUPLICATE_METHOD_MATCH = YES;
				COPY_PHASE_STRIP = NO;
				DEBUG_INFORMATION_FORMAT = dwarf;
				ENABLE_STRICT_OBJC_MSGSEND = YES;
				ENABLE_TESTABILITY = YES;
				GCC_C_LANGUAGE_STANDARD = gnu11;
				GCC_DYNAMIC_NO_PIC = NO;
				GCC_NO_COMMON_BLOCKS = YES;
				GCC_OPTIMIZATION_LEVEL = 0;
				GCC_PREPROCESSOR_DEFINITIONS = (
					"DEBUG=1",
					"$(inherited)",
				);
				GCC_WARN_64_TO_32_BIT_CONVERSION = YES;
				GCC_WARN_ABOUT_RETURN_TYPE = YES_ERROR;
				GCC_WARN_UNDECLARED_SELECTOR = YES;
				GCC_WARN_UNINITIALIZED_AUTOS = YES_AGGRESSIVE;
				GCC_WARN_UNUSED_FUNCTION = YES;
				GCC_WARN_UNUSED_VARIABLE = YES;
				IPHONEOS_DEPLOYMENT_TARGET = 15.5;
				MTL_ENABLE_DEBUG_INFO = INCLUDE_SOURCE;
				MTL_FAST_MATH = YES;
				ONLY_ACTIVE_ARCH = YES;
				SDKROOT = iphoneos;
				SWIFT_ACTIVE_COMPILATION_CONDITIONS = DEBUG;
				SWIFT_OPTIMIZATION_LEVEL = "-Onone";
			};
			name = Debug;
		};
		39E442242879B87200DB08C1 /* Release */ = {
			isa = XCBuildConfiguration;
			buildSettings = {
				ALWAYS_SEARCH_USER_PATHS = NO;
				CLANG_ANALYZER_NONNULL = YES;
				CLANG_ANALYZER_NUMBER_OBJECT_CONVERSION = YES_AGGRESSIVE;
				CLANG_CXX_LANGUAGE_STANDARD = "gnu++17";
				CLANG_ENABLE_MODULES = YES;
				CLANG_ENABLE_OBJC_ARC = YES;
				CLANG_ENABLE_OBJC_WEAK = YES;
				CLANG_WARN_BLOCK_CAPTURE_AUTORELEASING = YES;
				CLANG_WARN_BOOL_CONVERSION = YES;
				CLANG_WARN_COMMA = YES;
				CLANG_WARN_CONSTANT_CONVERSION = YES;
				CLANG_WARN_DEPRECATED_OBJC_IMPLEMENTATIONS = YES;
				CLANG_WARN_DIRECT_OBJC_ISA_USAGE = YES_ERROR;
				CLANG_WARN_DOCUMENTATION_COMMENTS = YES;
				CLANG_WARN_EMPTY_BODY = YES;
				CLANG_WARN_ENUM_CONVERSION = YES;
				CLANG_WARN_INFINITE_RECURSION = YES;
				CLANG_WARN_INT_CONVERSION = YES;
				CLANG_WARN_NON_LITERAL_NULL_CONVERSION = YES;
				CLANG_WARN_OBJC_IMPLICIT_RETAIN_SELF = YES;
				CLANG_WARN_OBJC_LITERAL_CONVERSION = YES;
				CLANG_WARN_OBJC_ROOT_CLASS = YES_ERROR;
				CLANG_WARN_QUOTED_INCLUDE_IN_FRAMEWORK_HEADER = YES;
				CLANG_WARN_RANGE_LOOP_ANALYSIS = YES;
				CLANG_WARN_STRICT_PROTOTYPES = YES;
				CLANG_WARN_SUSPICIOUS_MOVE = YES;
				CLANG_WARN_UNGUARDED_AVAILABILITY = YES_AGGRESSIVE;
				CLANG_WARN_UNREACHABLE_CODE = YES;
				CLANG_WARN__DUPLICATE_METHOD_MATCH = YES;
				COPY_PHASE_STRIP = NO;
				DEBUG_INFORMATION_FORMAT = "dwarf-with-dsym";
				ENABLE_NS_ASSERTIONS = NO;
				ENABLE_STRICT_OBJC_MSGSEND = YES;
				GCC_C_LANGUAGE_STANDARD = gnu11;
				GCC_NO_COMMON_BLOCKS = YES;
				GCC_WARN_64_TO_32_BIT_CONVERSION = YES;
				GCC_WARN_ABOUT_RETURN_TYPE = YES_ERROR;
				GCC_WARN_UNDECLARED_SELECTOR = YES;
				GCC_WARN_UNINITIALIZED_AUTOS = YES_AGGRESSIVE;
				GCC_WARN_UNUSED_FUNCTION = YES;
				GCC_WARN_UNUSED_VARIABLE = YES;
				IPHONEOS_DEPLOYMENT_TARGET = 15.5;
				MTL_ENABLE_DEBUG_INFO = NO;
				MTL_FAST_MATH = YES;
				SDKROOT = iphoneos;
				SWIFT_COMPILATION_MODE = wholemodule;
				SWIFT_OPTIMIZATION_LEVEL = "-O";
				VALIDATE_PRODUCT = YES;
			};
			name = Release;
		};
		39E442262879B87200DB08C1 /* Debug */ = {
			isa = XCBuildConfiguration;
			buildSettings = {
				ASSETCATALOG_COMPILER_APPICON_NAME = AppIcon;
				ASSETCATALOG_COMPILER_GLOBAL_ACCENT_COLOR_NAME = AccentColor;
				CODE_SIGN_STYLE = Automatic;
				CURRENT_PROJECT_VERSION = 1;
				DEVELOPMENT_ASSET_PATHS = "\"gpsStatistics/Preview Content\"";
				DEVELOPMENT_TEAM = HKSS25886Q;
				ENABLE_PREVIEWS = YES;
				GENERATE_INFOPLIST_FILE = YES;
				INFOPLIST_KEY_NSLocationWhenInUseUsageDescription = "";
				INFOPLIST_KEY_UIApplicationSceneManifest_Generation = YES;
				INFOPLIST_KEY_UIApplicationSupportsIndirectInputEvents = YES;
				INFOPLIST_KEY_UILaunchScreen_Generation = YES;
				INFOPLIST_KEY_UISupportedInterfaceOrientations_iPad = "UIInterfaceOrientationPortrait UIInterfaceOrientationPortraitUpsideDown UIInterfaceOrientationLandscapeLeft UIInterfaceOrientationLandscapeRight";
				INFOPLIST_KEY_UISupportedInterfaceOrientations_iPhone = "UIInterfaceOrientationPortrait UIInterfaceOrientationLandscapeLeft UIInterfaceOrientationLandscapeRight";
				LD_RUNPATH_SEARCH_PATHS = (
					"$(inherited)",
					"@executable_path/Frameworks",
				);
				MARKETING_VERSION = 1.0;
				PRODUCT_BUNDLE_IDENTIFIER = utku.gpsStatistics;
				PRODUCT_NAME = "$(TARGET_NAME)";
				SWIFT_EMIT_LOC_STRINGS = YES;
				SWIFT_VERSION = 5.0;
				TARGETED_DEVICE_FAMILY = "1,2";
			};
			name = Debug;
		};
		39E442272879B87200DB08C1 /* Release */ = {
			isa = XCBuildConfiguration;
			buildSettings = {
				ASSETCATALOG_COMPILER_APPICON_NAME = AppIcon;
				ASSETCATALOG_COMPILER_GLOBAL_ACCENT_COLOR_NAME = AccentColor;
				CODE_SIGN_STYLE = Automatic;
				CURRENT_PROJECT_VERSION = 1;
				DEVELOPMENT_ASSET_PATHS = "\"gpsStatistics/Preview Content\"";
				DEVELOPMENT_TEAM = HKSS25886Q;
				ENABLE_PREVIEWS = YES;
				GENERATE_INFOPLIST_FILE = YES;
				INFOPLIST_KEY_NSLocationWhenInUseUsageDescription = "";
				INFOPLIST_KEY_UIApplicationSceneManifest_Generation = YES;
				INFOPLIST_KEY_UIApplicationSupportsIndirectInputEvents = YES;
				INFOPLIST_KEY_UILaunchScreen_Generation = YES;
				INFOPLIST_KEY_UISupportedInterfaceOrientations_iPad = "UIInterfaceOrientationPortrait UIInterfaceOrientationPortraitUpsideDown UIInterfaceOrientationLandscapeLeft UIInterfaceOrientationLandscapeRight";
				INFOPLIST_KEY_UISupportedInterfaceOrientations_iPhone = "UIInterfaceOrientationPortrait UIInterfaceOrientationLandscapeLeft UIInterfaceOrientationLandscapeRight";
				LD_RUNPATH_SEARCH_PATHS = (
					"$(inherited)",
					"@executable_path/Frameworks",
				);
				MARKETING_VERSION = 1.0;
				PRODUCT_BUNDLE_IDENTIFIER = utku.gpsStatistics;
				PRODUCT_NAME = "$(TARGET_NAME)";
				SWIFT_EMIT_LOC_STRINGS = YES;
				SWIFT_VERSION = 5.0;
				TARGETED_DEVICE_FAMILY = "1,2";
			};
			name = Release;
		};
/* End XCBuildConfiguration section */

/* Begin XCConfigurationList section */
		39E442122879B87000DB08C1 /* Build configuration list for PBXProject "gpsStatistics" */ = {
			isa = XCConfigurationList;
			buildConfigurations = (
				39E442232879B87200DB08C1 /* Debug */,
				39E442242879B87200DB08C1 /* Release */,
			);
			defaultConfigurationIsVisible = 0;
			defaultConfigurationName = Release;
		};
		39E442252879B87200DB08C1 /* Build configuration list for PBXNativeTarget "gpsStatistics" */ = {
			isa = XCConfigurationList;
			buildConfigurations = (
				39E442262879B87200DB08C1 /* Debug */,
				39E442272879B87200DB08C1 /* Release */,
			);
			defaultConfigurationIsVisible = 0;
			defaultConfigurationName = Release;
		};
/* End XCConfigurationList section */
	};
	rootObject = 39E4420F2879B87000DB08C1 /* Project object */;
}
